
Microsoft Visual Studio Solution File, Format Version 12.00
# Visual Studio Version 16
VisualStudioVersion = 16.0.31729.503
MinimumVisualStudioVersion = 10.0.40219.1
Project("{8BC9CEB8-8B4A-11D0-8D11-00A0C91BC942}") = "Project1", "Project1\Project1.vcxproj", "{136067D5-BEB0-45D3-AD12-ED7A4C2DA319}"
EndProject
Global
	GlobalSection(SolutionConfigurationPlatforms) = preSolution
		Debug|x64 = Debug|x64
		Debug|x86 = Debug|x86
		Release|x64 = Release|x64
		Release|x86 = Release|x86
	EndGlobalSection
	GlobalSection(ProjectConfigurationPlatforms) = postSolution
		{136067D5-BEB0-45D3-AD12-ED7A4C2DA319}.Debug|x64.ActiveCfg = Debug|x64
		{136067D5-BEB0-45D3-AD12-ED7A4C2DA319}.Debug|x64.Build.0 = Debug|x64
		{136067D5-BEB0-45D3-AD12-ED7A4C2DA319}.Debug|x86.ActiveCfg = Debug|Win32
		{136067D5-BEB0-45D3-AD12-ED7A4C2DA319}.Debug|x86.Build.0 = Debug|Win32
		{136067D5-BEB0-45D3-AD12-ED7A4C2DA319}.Release|x64.ActiveCfg = Release|x64
		{136067D5-BEB0-45D3-AD12-ED7A4C2DA319}.Release|x64.Build.0 = Release|x64
		{136067D5-BEB0-45D3-AD12-ED7A4C2DA319}.Release|x86.ActiveCfg = Release|Win32
		{136067D5-BEB0-45D3-AD12-ED7A4C2DA319}.Release|x86.Build.0 = Release|Win32
	EndGlobalSection
	GlobalSection(SolutionProperties) = preSolution
		HideSolutionNode = FALSE
	EndGlobalSection
	GlobalSection(ExtensibilityGlobals) = postSolution
		SolutionGuid = {31769534-1707-4D7E-93C1-36615D252679}
	EndGlobalSection
EndGlobal
